{
  "name": "demo",
  "version": "1.0.0",
  "lockfileVersion": 1,
  "requires": true,
  "dependencies": {
    "@types/js-base64": {
      "version": "2.3.1",
      "resolved": "https://registry.npmjs.org/@types/js-base64/-/js-base64-2.3.1.tgz",
      "integrity": "sha512-4RKbhIDGC87s4EBy2Cp2/5S2O6kmCRcZnD5KRCq1q9z2GhBte1+BdsfVKCpG8yKpDGNyEE2G6IqFIh6W2YwWPA=="
    },
    "js-base64": {
      "version": "2.5.1",
      "resolved": "https://registry.npmjs.org/js-base64/-/js-base64-2.5.1.tgz",
      "integrity": "sha512-M7kLczedRMYX4L8Mdh4MzyAMM9O5osx+4FcOQuTvr3A9F2D9S5JXheN0ewNbrvK2UatkTRhL5ejGmGSjNMiZuw=="
    },
    "typescript": {
      "version": "3.1.6",
      "resolved": "https://registry.npmjs.org/typescript/-/typescript-3.1.6.tgz",
      "integrity": "sha512-tDMYfVtvpb96msS1lDX9MEdHrW4yOuZ4Kdc4Him9oU796XldPYF/t2+uKoX0BBa0hXXwDlqYQbXY5Rzjzc5hBA==",
      "dev": true
    }
  }
}
